
Microsoft Visual Studio Solution File, Format Version 12.00
# Visual Studio Version 16
VisualStudioVersion = 16.0.31005.135
MinimumVisualStudioVersion = 10.0.40219.1
Project("{FAE04EC0-301F-11D3-BF4B-00C04F79EFBC}") = "CmsisTestPatternConverter", "CmsisTestPatternConverter.csproj", "{48A055C5-A54B-4DC0-911D-34F47265DADB}"
EndProject
Global
	GlobalSection(SolutionConfigurationPlatforms) = preSolution
		Debug|Any CPU = Debug|Any CPU
		Release|Any CPU = Release|Any CPU
	EndGlobalSection
	GlobalSection(ProjectConfigurationPlatforms) = postSolution
		{48A055C5-A54B-4DC0-911D-34F47265DADB}.Debug|Any CPU.ActiveCfg = Debug|Any CPU
		{48A055C5-A54B-4DC0-911D-34F47265DADB}.Debug|Any CPU.Build.0 = Debug|Any CPU
		{48A055C5-A54B-4DC0-911D-34F47265DADB}.Release|Any CPU.ActiveCfg = Release|Any CPU
		{48A055C5-A54B-4DC0-911D-34F47265DADB}.Release|Any CPU.Build.0 = Release|Any CPU
	EndGlobalSection
	GlobalSection(SolutionProperties) = preSolution
		HideSolutionNode = FALSE
	EndGlobalSection
	GlobalSection(ExtensibilityGlobals) = postSolution
		SolutionGuid = {8F9729D2-7CA5-47CE-9438-A93CDD143B3C}
	EndGlobalSection
EndGlobal
